// !$*UTF8*$!
{
	archiveVersion = 1;
	classes = {
	};
	objectVersion = 56;
	objects = {

/* Begin PBXBuildFile section */
		DA1774B52A629E4C0032EDBB /* StatsModel.swift in Sources */ = {isa = PBXBuildFile; fileRef = DA1774B42A629E4C0032EDBB /* StatsModel.swift */; };
		DA1774B72A62B7600032EDBB /* MainViewController.swift in Sources */ = {isa = PBXBuildFile; fileRef = DA1774B62A62B7600032EDBB /* MainViewController.swift */; };
		DA1774BC2A64275A0032EDBB /* RaceViewController.swift in Sources */ = {isa = PBXBuildFile; fileRef = DA1774BA2A64275A0032EDBB /* RaceViewController.swift */; };
		DA1774BD2A64275A0032EDBB /* RaceViewController.xib in Resources */ = {isa = PBXBuildFile; fileRef = DA1774BB2A64275A0032EDBB /* RaceViewController.xib */; };
		DA1774BF2A6558D90032EDBB /* MenuBarViewController.swift in Sources */ = {isa = PBXBuildFile; fileRef = DA1774BE2A6558D90032EDBB /* MenuBarViewController.swift */; };
		DA1774C22A6DCE6C0032EDBB /* Lottie in Frameworks */ = {isa = PBXBuildFile; productRef = DA1774C12A6DCE6C0032EDBB /* Lottie */; };
		DA1774C62A6DCFD70032EDBB /* animation_lkfxb0f9.json in Resources */ = {isa = PBXBuildFile; fileRef = DA1774C52A6DCFD70032EDBB /* animation_lkfxb0f9.json */; };
		DA1774CE2A711BC90032EDBB /* NameInputViewController.swift in Sources */ = {isa = PBXBuildFile; fileRef = DA1774CD2A711BC90032EDBB /* NameInputViewController.swift */; };
		DA1D20BB2A5A0FC200B579A1 /* AppDelegate.swift in Sources */ = {isa = PBXBuildFile; fileRef = DA1D20BA2A5A0FC200B579A1 /* AppDelegate.swift */; };
		DA1D20BD2A5A0FC200B579A1 /* SceneDelegate.swift in Sources */ = {isa = PBXBuildFile; fileRef = DA1D20BC2A5A0FC200B579A1 /* SceneDelegate.swift */; };
		DA1D20BF2A5A0FC200B579A1 /* SettingsViewController.swift in Sources */ = {isa = PBXBuildFile; fileRef = DA1D20BE2A5A0FC200B579A1 /* SettingsViewController.swift */; };
		DA1D20C22A5A0FC200B579A1 /* Main.storyboard in Resources */ = {isa = PBXBuildFile; fileRef = DA1D20C02A5A0FC200B579A1 /* Main.storyboard */; };
		DA1D20C42A5A0FC400B579A1 /* Assets.xcassets in Resources */ = {isa = PBXBuildFile; fileRef = DA1D20C32A5A0FC400B579A1 /* Assets.xcassets */; };
		DA1D20C72A5A0FC400B579A1 /* LaunchScreen.storyboard in Resources */ = {isa = PBXBuildFile; fileRef = DA1D20C52A5A0FC400B579A1 /* LaunchScreen.storyboard */; };
		DA1D20D92A5ACD7800B579A1 /* OpenSettingTableViewCell.swift in Sources */ = {isa = PBXBuildFile; fileRef = DA1D20D72A5ACD7800B579A1 /* OpenSettingTableViewCell.swift */; };
		DA1D20DA2A5ACD7800B579A1 /* OpenSettingTableViewCell.xib in Resources */ = {isa = PBXBuildFile; fileRef = DA1D20D82A5ACD7800B579A1 /* OpenSettingTableViewCell.xib */; };
		DA1D20DD2A5ACD8800B579A1 /* SwitchTableViewCell.swift in Sources */ = {isa = PBXBuildFile; fileRef = DA1D20DB2A5ACD8800B579A1 /* SwitchTableViewCell.swift */; };
		DA1D20DE2A5ACD8800B579A1 /* SwitchTableViewCell.xib in Resources */ = {isa = PBXBuildFile; fileRef = DA1D20DC2A5ACD8800B579A1 /* SwitchTableViewCell.xib */; };
		DA1D20E02A5ACF3000B579A1 /* SettingModel.swift in Sources */ = {isa = PBXBuildFile; fileRef = DA1D20DF2A5ACF3000B579A1 /* SettingModel.swift */; };
		DA1D20E22A5B490B00B579A1 /* SettingsManager.swift in Sources */ = {isa = PBXBuildFile; fileRef = DA1D20E12A5B490B00B579A1 /* SettingsManager.swift */; };
		DA1D20E42A5B666E00B579A1 /* StatisticsTableViewController.swift in Sources */ = {isa = PBXBuildFile; fileRef = DA1D20E32A5B666E00B579A1 /* StatisticsTableViewController.swift */; };
		DA1D20E72A5B77E700B579A1 /* WinnersTableViewCell.swift in Sources */ = {isa = PBXBuildFile; fileRef = DA1D20E52A5B77E700B579A1 /* WinnersTableViewCell.swift */; };
		DA1D20E82A5B77E700B579A1 /* WinnersTableViewCell.xib in Resources */ = {isa = PBXBuildFile; fileRef = DA1D20E62A5B77E700B579A1 /* WinnersTableViewCell.xib */; };
		DA1D20EB2A5B784A00B579A1 /* NotWinnersTableViewCell.swift in Sources */ = {isa = PBXBuildFile; fileRef = DA1D20E92A5B784A00B579A1 /* NotWinnersTableViewCell.swift */; };
		DA1D20EC2A5B784A00B579A1 /* NotWinnersTableViewCell.xib in Resources */ = {isa = PBXBuildFile; fileRef = DA1D20EA2A5B784A00B579A1 /* NotWinnersTableViewCell.xib */; };
/* End PBXBuildFile section */

/* Begin PBXFileReference section */
		DA1774B42A629E4C0032EDBB /* StatsModel.swift */ = {isa = PBXFileReference; lastKnownFileType = sourcecode.swift; path = StatsModel.swift; sourceTree = "<group>"; };
		DA1774B62A62B7600032EDBB /* MainViewController.swift */ = {isa = PBXFileReference; lastKnownFileType = sourcecode.swift; path = MainViewController.swift; sourceTree = "<group>"; };
		DA1774BA2A64275A0032EDBB /* RaceViewController.swift */ = {isa = PBXFileReference; lastKnownFileType = sourcecode.swift; path = RaceViewController.swift; sourceTree = "<group>"; };
		DA1774BB2A64275A0032EDBB /* RaceViewController.xib */ = {isa = PBXFileReference; lastKnownFileType = file.xib; path = RaceViewController.xib; sourceTree = "<group>"; };
		DA1774BE2A6558D90032EDBB /* MenuBarViewController.swift */ = {isa = PBXFileReference; lastKnownFileType = sourcecode.swift; path = MenuBarViewController.swift; sourceTree = "<group>"; };
		DA1774C52A6DCFD70032EDBB /* animation_lkfxb0f9.json */ = {isa = PBXFileReference; fileEncoding = 4; lastKnownFileType = text.json; path = animation_lkfxb0f9.json; sourceTree = "<group>"; };
		DA1774CD2A711BC90032EDBB /* NameInputViewController.swift */ = {isa = PBXFileReference; lastKnownFileType = sourcecode.swift; path = NameInputViewController.swift; sourceTree = "<group>"; };
		DA1D20B72A5A0FC200B579A1 /* Race.app */ = {isa = PBXFileReference; explicitFileType = wrapper.application; includeInIndex = 0; path = Race.app; sourceTree = BUILT_PRODUCTS_DIR; };
		DA1D20BA2A5A0FC200B579A1 /* AppDelegate.swift */ = {isa = PBXFileReference; lastKnownFileType = sourcecode.swift; path = AppDelegate.swift; sourceTree = "<group>"; };
		DA1D20BC2A5A0FC200B579A1 /* SceneDelegate.swift */ = {isa = PBXFileReference; lastKnownFileType = sourcecode.swift; path = SceneDelegate.swift; sourceTree = "<group>"; };
		DA1D20BE2A5A0FC200B579A1 /* SettingsViewController.swift */ = {isa = PBXFileReference; lastKnownFileType = sourcecode.swift; path = SettingsViewController.swift; sourceTree = "<group>"; };
		DA1D20C12A5A0FC200B579A1 /* Base */ = {isa = PBXFileReference; lastKnownFileType = file.storyboard; name = Base; path = Base.lproj/Main.storyboard; sourceTree = "<group>"; };
		DA1D20C32A5A0FC400B579A1 /* Assets.xcassets */ = {isa = PBXFileReference; lastKnownFileType = folder.assetcatalog; path = Assets.xcassets; sourceTree = "<group>"; };
		DA1D20C62A5A0FC400B579A1 /* Base */ = {isa = PBXFileReference; lastKnownFileType = file.storyboard; name = Base; path = Base.lproj/LaunchScreen.storyboard; sourceTree = "<group>"; };
		DA1D20C82A5A0FC400B579A1 /* Info.plist */ = {isa = PBXFileReference; lastKnownFileType = text.plist.xml; path = Info.plist; sourceTree = "<group>"; };
		DA1D20D72A5ACD7800B579A1 /* OpenSettingTableViewCell.swift */ = {isa = PBXFileReference; lastKnownFileType = sourcecode.swift; path = OpenSettingTableViewCell.swift; sourceTree = "<group>"; };
		DA1D20D82A5ACD7800B579A1 /* OpenSettingTableViewCell.xib */ = {isa = PBXFileReference; lastKnownFileType = file.xib; path = OpenSettingTableViewCell.xib; sourceTree = "<group>"; };
		DA1D20DB2A5ACD8800B579A1 /* SwitchTableViewCell.swift */ = {isa = PBXFileReference; lastKnownFileType = sourcecode.swift; path = SwitchTableViewCell.swift; sourceTree = "<group>"; };
		DA1D20DC2A5ACD8800B579A1 /* SwitchTableViewCell.xib */ = {isa = PBXFileReference; lastKnownFileType = file.xib; path = SwitchTableViewCell.xib; sourceTree = "<group>"; };
		DA1D20DF2A5ACF3000B579A1 /* SettingModel.swift */ = {isa = PBXFileReference; lastKnownFileType = sourcecode.swift; path = SettingModel.swift; sourceTree = "<group>"; };
		DA1D20E12A5B490B00B579A1 /* SettingsManager.swift */ = {isa = PBXFileReference; lastKnownFileType = sourcecode.swift; path = SettingsManager.swift; sourceTree = "<group>"; };
		DA1D20E32A5B666E00B579A1 /* StatisticsTableViewController.swift */ = {isa = PBXFileReference; lastKnownFileType = sourcecode.swift; path = StatisticsTableViewController.swift; sourceTree = "<group>"; };
		DA1D20E52A5B77E700B579A1 /* WinnersTableViewCell.swift */ = {isa = PBXFileReference; lastKnownFileType = sourcecode.swift; path = WinnersTableViewCell.swift; sourceTree = "<group>"; };
		DA1D20E62A5B77E700B579A1 /* WinnersTableViewCell.xib */ = {isa = PBXFileReference; lastKnownFileType = file.xib; path = WinnersTableViewCell.xib; sourceTree = "<group>"; };
		DA1D20E92A5B784A00B579A1 /* NotWinnersTableViewCell.swift */ = {isa = PBXFileReference; lastKnownFileType = sourcecode.swift; path = NotWinnersTableViewCell.swift; sourceTree = "<group>"; };
		DA1D20EA2A5B784A00B579A1 /* NotWinnersTableViewCell.xib */ = {isa = PBXFileReference; lastKnownFileType = file.xib; path = NotWinnersTableViewCell.xib; sourceTree = "<group>"; };
/* End PBXFileReference section */

/* Begin PBXFrameworksBuildPhase section */
		DA1D20B42A5A0FC200B579A1 /* Frameworks */ = {
			isa = PBXFrameworksBuildPhase;
			buildActionMask = 2147483647;
			files = (
				DA1774C22A6DCE6C0032EDBB /* Lottie in Frameworks */,
			);
			runOnlyForDeploymentPostprocessing = 0;
		};
/* End PBXFrameworksBuildPhase section */

/* Begin PBXGroup section */
		DA1774C72A705D0A0032EDBB /* ViewControllers */ = {
			isa = PBXGroup;
			children = (
				DA1D20BE2A5A0FC200B579A1 /* SettingsViewController.swift */,
				DA1774CD2A711BC90032EDBB /* NameInputViewController.swift */,
				DA1774B62A62B7600032EDBB /* MainViewController.swift */,
				DA1774BE2A6558D90032EDBB /* MenuBarViewController.swift */,
				DA1D20E32A5B666E00B579A1 /* StatisticsTableViewController.swift */,
				DA1774BA2A64275A0032EDBB /* RaceViewController.swift */,
				DA1774BB2A64275A0032EDBB /* RaceViewController.xib */,
			);
			path = ViewControllers;
			sourceTree = "<group>";
		};
		DA1774C82A705D650032EDBB /* Services */ = {
			isa = PBXGroup;
			children = (
				DA1D20E12A5B490B00B579A1 /* SettingsManager.swift */,
			);
			path = Services;
			sourceTree = "<group>";
		};
		DA1774CA2A705D7E0032EDBB /* Models */ = {
			isa = PBXGroup;
			children = (
				DA1D20DF2A5ACF3000B579A1 /* SettingModel.swift */,
				DA1774B42A629E4C0032EDBB /* StatsModel.swift */,
			);
			path = Models;
			sourceTree = "<group>";
		};
		DA1774CB2A705DC90032EDBB /* Resources */ = {
			isa = PBXGroup;
			children = (
				DA1D20C02A5A0FC200B579A1 /* Main.storyboard */,
				DA1D20C32A5A0FC400B579A1 /* Assets.xcassets */,
				DA1D20C52A5A0FC400B579A1 /* LaunchScreen.storyboard */,
				DA1774C52A6DCFD70032EDBB /* animation_lkfxb0f9.json */,
			);
			path = Resources;
			sourceTree = "<group>";
		};
		DA1D20AE2A5A0FC200B579A1 = {
			isa = PBXGroup;
			children = (
				DA1D20B92A5A0FC200B579A1 /* Race */,
				DA1D20B82A5A0FC200B579A1 /* Products */,
			);
			sourceTree = "<group>";
		};
		DA1D20B82A5A0FC200B579A1 /* Products */ = {
			isa = PBXGroup;
			children = (
				DA1D20B72A5A0FC200B579A1 /* Race.app */,
			);
			name = Products;
			sourceTree = "<group>";
		};
		DA1D20B92A5A0FC200B579A1 /* Race */ = {
			isa = PBXGroup;
			children = (
				DA1D20BA2A5A0FC200B579A1 /* AppDelegate.swift */,
				DA1D20BC2A5A0FC200B579A1 /* SceneDelegate.swift */,
				DA1774C72A705D0A0032EDBB /* ViewControllers */,
				DA1774CA2A705D7E0032EDBB /* Models */,
				DA1774C82A705D650032EDBB /* Services */,
				DA1D20D22A5AC13600B579A1 /* Cells */,
				DA1774CB2A705DC90032EDBB /* Resources */,
				DA1D20C82A5A0FC400B579A1 /* Info.plist */,
			);
			path = Race;
			sourceTree = "<group>";
		};
		DA1D20D22A5AC13600B579A1 /* Cells */ = {
			isa = PBXGroup;
			children = (
				DA1D20E92A5B784A00B579A1 /* NotWinnersTableViewCell.swift */,
				DA1D20EA2A5B784A00B579A1 /* NotWinnersTableViewCell.xib */,
				DA1D20E52A5B77E700B579A1 /* WinnersTableViewCell.swift */,
				DA1D20E62A5B77E700B579A1 /* WinnersTableViewCell.xib */,
				DA1D20DB2A5ACD8800B579A1 /* SwitchTableViewCell.swift */,
				DA1D20DC2A5ACD8800B579A1 /* SwitchTableViewCell.xib */,
				DA1D20D72A5ACD7800B579A1 /* OpenSettingTableViewCell.swift */,
				DA1D20D82A5ACD7800B579A1 /* OpenSettingTableViewCell.xib */,
			);
			path = Cells;
			sourceTree = "<group>";
		};
/* End PBXGroup section */

/* Begin PBXNativeTarget section */
		DA1D20B62A5A0FC200B579A1 /* Race */ = {
			isa = PBXNativeTarget;
			buildConfigurationList = DA1D20CB2A5A0FC400B579A1 /* Build configuration list for PBXNativeTarget "Race" */;
			buildPhases = (
				DA1D20B32A5A0FC200B579A1 /* Sources */,
				DA1D20B42A5A0FC200B579A1 /* Frameworks */,
				DA1D20B52A5A0FC200B579A1 /* Resources */,
			);
			buildRules = (
			);
			dependencies = (
			);
			name = Race;
			packageProductDependencies = (
				DA1774C12A6DCE6C0032EDBB /* Lottie */,
			);
			productName = Race;
			productReference = DA1D20B72A5A0FC200B579A1 /* Race.app */;
			productType = "com.apple.product-type.application";
		};
/* End PBXNativeTarget section */

/* Begin PBXProject section */
		DA1D20AF2A5A0FC200B579A1 /* Project object */ = {
			isa = PBXProject;
			attributes = {
				BuildIndependentTargetsInParallel = 1;
				LastSwiftUpdateCheck = 1430;
				LastUpgradeCheck = 1430;
				TargetAttributes = {
					DA1D20B62A5A0FC200B579A1 = {
						CreatedOnToolsVersion = 14.3;
					};
				};
			};
			buildConfigurationList = DA1D20B22A5A0FC200B579A1 /* Build configuration list for PBXProject "Race" */;
			compatibilityVersion = "Xcode 14.0";
			developmentRegion = en;
			hasScannedForEncodings = 0;
			knownRegions = (
				en,
				Base,
			);
			mainGroup = DA1D20AE2A5A0FC200B579A1;
			packageReferences = (
				DA1774C02A6DCE6C0032EDBB /* XCRemoteSwiftPackageReference "lottie-ios" */,
			);
			productRefGroup = DA1D20B82A5A0FC200B579A1 /* Products */;
			projectDirPath = "";
			projectRoot = "";
			targets = (
				DA1D20B62A5A0FC200B579A1 /* Race */,
			);
		};
/* End PBXProject section */

/* Begin PBXResourcesBuildPhase section */
		DA1D20B52A5A0FC200B579A1 /* Resources */ = {
			isa = PBXResourcesBuildPhase;
			buildActionMask = 2147483647;
			files = (
				DA1D20DE2A5ACD8800B579A1 /* SwitchTableViewCell.xib in Resources */,
				DA1774C62A6DCFD70032EDBB /* animation_lkfxb0f9.json in Resources */,
				DA1774BD2A64275A0032EDBB /* RaceViewController.xib in Resources */,
				DA1D20C72A5A0FC400B579A1 /* LaunchScreen.storyboard in Resources */,
				DA1D20E82A5B77E700B579A1 /* WinnersTableViewCell.xib in Resources */,
				DA1D20C42A5A0FC400B579A1 /* Assets.xcassets in Resources */,
				DA1D20EC2A5B784A00B579A1 /* NotWinnersTableViewCell.xib in Resources */,
				DA1D20DA2A5ACD7800B579A1 /* OpenSettingTableViewCell.xib in Resources */,
				DA1D20C22A5A0FC200B579A1 /* Main.storyboard in Resources */,
			);
			runOnlyForDeploymentPostprocessing = 0;
		};
/* End PBXResourcesBuildPhase section */

/* Begin PBXSourcesBuildPhase section */
		DA1D20B32A5A0FC200B579A1 /* Sources */ = {
			isa = PBXSourcesBuildPhase;
			buildActionMask = 2147483647;
			files = (
				DA1D20E42A5B666E00B579A1 /* StatisticsTableViewController.swift in Sources */,
				DA1D20BF2A5A0FC200B579A1 /* SettingsViewController.swift in Sources */,
				DA1D20BB2A5A0FC200B579A1 /* AppDelegate.swift in Sources */,
				DA1774B72A62B7600032EDBB /* MainViewController.swift in Sources */,
				DA1D20E02A5ACF3000B579A1 /* SettingModel.swift in Sources */,
				DA1D20EB2A5B784A00B579A1 /* NotWinnersTableViewCell.swift in Sources */,
				DA1D20E22A5B490B00B579A1 /* SettingsManager.swift in Sources */,
				DA1D20E72A5B77E700B579A1 /* WinnersTableViewCell.swift in Sources */,
				DA1D20D92A5ACD7800B579A1 /* OpenSettingTableViewCell.swift in Sources */,
				DA1D20DD2A5ACD8800B579A1 /* SwitchTableViewCell.swift in Sources */,
				DA1D20BD2A5A0FC200B579A1 /* SceneDelegate.swift in Sources */,
				DA1774BC2A64275A0032EDBB /* RaceViewController.swift in Sources */,
				DA1774B52A629E4C0032EDBB /* StatsModel.swift in Sources */,
				DA1774BF2A6558D90032EDBB /* MenuBarViewController.swift in Sources */,
				DA1774CE2A711BC90032EDBB /* NameInputViewController.swift in Sources */,
			);
			runOnlyForDeploymentPostprocessing = 0;
		};
/* End PBXSourcesBuildPhase section */

/* Begin PBXVariantGroup section */
		DA1D20C02A5A0FC200B579A1 /* Main.storyboard */ = {
			isa = PBXVariantGroup;
			children = (
				DA1D20C12A5A0FC200B579A1 /* Base */,
			);
			name = Main.storyboard;
			sourceTree = "<group>";
		};
		DA1D20C52A5A0FC400B579A1 /* LaunchScreen.storyboard */ = {
			isa = PBXVariantGroup;
			children = (
				DA1D20C62A5A0FC400B579A1 /* Base */,
			);
			name = LaunchScreen.storyboard;
			sourceTree = "<group>";
		};
/* End PBXVariantGroup section */

/* Begin XCBuildConfiguration section */
		DA1D20C92A5A0FC400B579A1 /* Debug */ = {
			isa = XCBuildConfiguration;
			buildSettings = {
				ALWAYS_SEARCH_USER_PATHS = NO;
				CLANG_ANALYZER_NONNULL = YES;
				CLANG_ANALYZER_NUMBER_OBJECT_CONVERSION = YES_AGGRESSIVE;
				CLANG_CXX_LANGUAGE_STANDARD = "gnu++20";
				CLANG_ENABLE_MODULES = YES;
				CLANG_ENABLE_OBJC_ARC = YES;
				CLANG_ENABLE_OBJC_WEAK = YES;
				CLANG_WARN_BLOCK_CAPTURE_AUTORELEASING = YES;
				CLANG_WARN_BOOL_CONVERSION = YES;
				CLANG_WARN_COMMA = YES;
				CLANG_WARN_CONSTANT_CONVERSION = YES;
				CLANG_WARN_DEPRECATED_OBJC_IMPLEMENTATIONS = YES;
				CLANG_WARN_DIRECT_OBJC_ISA_USAGE = YES_ERROR;
				CLANG_WARN_DOCUMENTATION_COMMENTS = YES;
				CLANG_WARN_EMPTY_BODY = YES;
				CLANG_WARN_ENUM_CONVERSION = YES;
				CLANG_WARN_INFINITE_RECURSION = YES;
				CLANG_WARN_INT_CONVERSION = YES;
				CLANG_WARN_NON_LITERAL_NULL_CONVERSION = YES;
				CLANG_WARN_OBJC_IMPLICIT_RETAIN_SELF = YES;
				CLANG_WARN_OBJC_LITERAL_CONVERSION = YES;
				CLANG_WARN_OBJC_ROOT_CLASS = YES_ERROR;
				CLANG_WARN_QUOTED_INCLUDE_IN_FRAMEWORK_HEADER = YES;
				CLANG_WARN_RANGE_LOOP_ANALYSIS = YES;
				CLANG_WARN_STRICT_PROTOTYPES = YES;
				CLANG_WARN_SUSPICIOUS_MOVE = YES;
				CLANG_WARN_UNGUARDED_AVAILABILITY = YES_AGGRESSIVE;
				CLANG_WARN_UNREACHABLE_CODE = YES;
				CLANG_WARN__DUPLICATE_METHOD_MATCH = YES;
				COPY_PHASE_STRIP = NO;
				DEBUG_INFORMATION_FORMAT = dwarf;
				ENABLE_STRICT_OBJC_MSGSEND = YES;
				ENABLE_TESTABILITY = YES;
				GCC_C_LANGUAGE_STANDARD = gnu11;
				GCC_DYNAMIC_NO_PIC = NO;
				GCC_NO_COMMON_BLOCKS = YES;
				GCC_OPTIMIZATION_LEVEL = 0;
				GCC_PREPROCESSOR_DEFINITIONS = (
					"DEBUG=1",
					"$(inherited)",
				);
				GCC_WARN_64_TO_32_BIT_CONVERSION = YES;
				GCC_WARN_ABOUT_RETURN_TYPE = YES_ERROR;
				GCC_WARN_UNDECLARED_SELECTOR = YES;
				GCC_WARN_UNINITIALIZED_AUTOS = YES_AGGRESSIVE;
				GCC_WARN_UNUSED_FUNCTION = YES;
				GCC_WARN_UNUSED_VARIABLE = YES;
				IPHONEOS_DEPLOYMENT_TARGET = 16.4;
				MTL_ENABLE_DEBUG_INFO = INCLUDE_SOURCE;
				MTL_FAST_MATH = YES;
				ONLY_ACTIVE_ARCH = YES;
				SDKROOT = iphoneos;
				SWIFT_ACTIVE_COMPILATION_CONDITIONS = DEBUG;
				SWIFT_OPTIMIZATION_LEVEL = "-Onone";
			};
			name = Debug;
		};
		DA1D20CA2A5A0FC400B579A1 /* Release */ = {
			isa = XCBuildConfiguration;
			buildSettings = {
				ALWAYS_SEARCH_USER_PATHS = NO;
				CLANG_ANALYZER_NONNULL = YES;
				CLANG_ANALYZER_NUMBER_OBJECT_CONVERSION = YES_AGGRESSIVE;
				CLANG_CXX_LANGUAGE_STANDARD = "gnu++20";
				CLANG_ENABLE_MODULES = YES;
				CLANG_ENABLE_OBJC_ARC = YES;
				CLANG_ENABLE_OBJC_WEAK = YES;
				CLANG_WARN_BLOCK_CAPTURE_AUTORELEASING = YES;
				CLANG_WARN_BOOL_CONVERSION = YES;
				CLANG_WARN_COMMA = YES;
				CLANG_WARN_CONSTANT_CONVERSION = YES;
				CLANG_WARN_DEPRECATED_OBJC_IMPLEMENTATIONS = YES;
				CLANG_WARN_DIRECT_OBJC_ISA_USAGE = YES_ERROR;
				CLANG_WARN_DOCUMENTATION_COMMENTS = YES;
				CLANG_WARN_EMPTY_BODY = YES;
				CLANG_WARN_ENUM_CONVERSION = YES;
				CLANG_WARN_INFINITE_RECURSION = YES;
				CLANG_WARN_INT_CONVERSION = YES;
				CLANG_WARN_NON_LITERAL_NULL_CONVERSION = YES;
				CLANG_WARN_OBJC_IMPLICIT_RETAIN_SELF = YES;
				CLANG_WARN_OBJC_LITERAL_CONVERSION = YES;
				CLANG_WARN_OBJC_ROOT_CLASS = YES_ERROR;
				CLANG_WARN_QUOTED_INCLUDE_IN_FRAMEWORK_HEADER = YES;
				CLANG_WARN_RANGE_LOOP_ANALYSIS = YES;
				CLANG_WARN_STRICT_PROTOTYPES = YES;
				CLANG_WARN_SUSPICIOUS_MOVE = YES;
				CLANG_WARN_UNGUARDED_AVAILABILITY = YES_AGGRESSIVE;
				CLANG_WARN_UNREACHABLE_CODE = YES;
				CLANG_WARN__DUPLICATE_METHOD_MATCH = YES;
				COPY_PHASE_STRIP = NO;
				DEBUG_INFORMATION_FORMAT = "dwarf-with-dsym";
				ENABLE_NS_ASSERTIONS = NO;
				ENABLE_STRICT_OBJC_MSGSEND = YES;
				GCC_C_LANGUAGE_STANDARD = gnu11;
				GCC_NO_COMMON_BLOCKS = YES;
				GCC_WARN_64_TO_32_BIT_CONVERSION = YES;
				GCC_WARN_ABOUT_RETURN_TYPE = YES_ERROR;
				GCC_WARN_UNDECLARED_SELECTOR = YES;
				GCC_WARN_UNINITIALIZED_AUTOS = YES_AGGRESSIVE;
				GCC_WARN_UNUSED_FUNCTION = YES;
				GCC_WARN_UNUSED_VARIABLE = YES;
				IPHONEOS_DEPLOYMENT_TARGET = 16.4;
				MTL_ENABLE_DEBUG_INFO = NO;
				MTL_FAST_MATH = YES;
				SDKROOT = iphoneos;
				SWIFT_COMPILATION_MODE = wholemodule;
				SWIFT_OPTIMIZATION_LEVEL = "-O";
				VALIDATE_PRODUCT = YES;
			};
			name = Release;
		};
		DA1D20CC2A5A0FC400B579A1 /* Debug */ = {
			isa = XCBuildConfiguration;
			buildSettings = {
				ASSETCATALOG_COMPILER_APPICON_NAME = AppIcon;
				ASSETCATALOG_COMPILER_GLOBAL_ACCENT_COLOR_NAME = AccentColor;
				CODE_SIGN_STYLE = Automatic;
				CURRENT_PROJECT_VERSION = 1;
				DEVELOPMENT_TEAM = 44K3DB59QT;
				GENERATE_INFOPLIST_FILE = YES;
				INFOPLIST_FILE = Race/Info.plist;
				INFOPLIST_KEY_UIApplicationSupportsIndirectInputEvents = YES;
				INFOPLIST_KEY_UILaunchStoryboardName = LaunchScreen;
				INFOPLIST_KEY_UIMainStoryboardFile = Main;
				INFOPLIST_KEY_UISupportedInterfaceOrientations_iPad = "UIInterfaceOrientationPortrait UIInterfaceOrientationPortraitUpsideDown UIInterfaceOrientationLandscapeLeft UIInterfaceOrientationLandscapeRight";
				INFOPLIST_KEY_UISupportedInterfaceOrientations_iPhone = "UIInterfaceOrientationPortrait UIInterfaceOrientationLandscapeLeft UIInterfaceOrientationLandscapeRight";
				LD_RUNPATH_SEARCH_PATHS = (
					"$(inherited)",
					"@executable_path/Frameworks",
				);
				MARKETING_VERSION = 1.0;
				PRODUCT_BUNDLE_IDENTIFIER = NikitaSurovtsev.Race;
				PRODUCT_NAME = "$(TARGET_NAME)";
				SWIFT_EMIT_LOC_STRINGS = YES;
				SWIFT_VERSION = 5.0;
				TARGETED_DEVICE_FAMILY = "1,2";
			};
			name = Debug;
		};
		DA1D20CD2A5A0FC400B579A1 /* Release */ = {
			isa = XCBuildConfiguration;
			buildSettings = {
				ASSETCATALOG_COMPILER_APPICON_NAME = AppIcon;
				ASSETCATALOG_COMPILER_GLOBAL_ACCENT_COLOR_NAME = AccentColor;
				CODE_SIGN_STYLE = Automatic;
				CURRENT_PROJECT_VERSION = 1;
				DEVELOPMENT_TEAM = 44K3DB59QT;
				GENERATE_INFOPLIST_FILE = YES;
				INFOPLIST_FILE = Race/Info.plist;
				INFOPLIST_KEY_UIApplicationSupportsIndirectInputEvents = YES;
				INFOPLIST_KEY_UILaunchStoryboardName = LaunchScreen;
				INFOPLIST_KEY_UIMainStoryboardFile = Main;
				INFOPLIST_KEY_UISupportedInterfaceOrientations_iPad = "UIInterfaceOrientationPortrait UIInterfaceOrientationPortraitUpsideDown UIInterfaceOrientationLandscapeLeft UIInterfaceOrientationLandscapeRight";
				INFOPLIST_KEY_UISupportedInterfaceOrientations_iPhone = "UIInterfaceOrientationPortrait UIInterfaceOrientationLandscapeLeft UIInterfaceOrientationLandscapeRight";
				LD_RUNPATH_SEARCH_PATHS = (
					"$(inherited)",
					"@executable_path/Frameworks",
				);
				MARKETING_VERSION = 1.0;
				PRODUCT_BUNDLE_IDENTIFIER = NikitaSurovtsev.Race;
				PRODUCT_NAME = "$(TARGET_NAME)";
				SWIFT_EMIT_LOC_STRINGS = YES;
				SWIFT_VERSION = 5.0;
				TARGETED_DEVICE_FAMILY = "1,2";
			};
			name = Release;
		};
/* End XCBuildConfiguration section */

/* Begin XCConfigurationList section */
		DA1D20B22A5A0FC200B579A1 /* Build configuration list for PBXProject "Race" */ = {
			isa = XCConfigurationList;
			buildConfigurations = (
				DA1D20C92A5A0FC400B579A1 /* Debug */,
				DA1D20CA2A5A0FC400B579A1 /* Release */,
			);
			defaultConfigurationIsVisible = 0;
			defaultConfigurationName = Release;
		};
		DA1D20CB2A5A0FC400B579A1 /* Build configuration list for PBXNativeTarget "Race" */ = {
			isa = XCConfigurationList;
			buildConfigurations = (
				DA1D20CC2A5A0FC400B579A1 /* Debug */,
				DA1D20CD2A5A0FC400B579A1 /* Release */,
			);
			defaultConfigurationIsVisible = 0;
			defaultConfigurationName = Release;
		};
/* End XCConfigurationList section */

/* Begin XCRemoteSwiftPackageReference section */
		DA1774C02A6DCE6C0032EDBB /* XCRemoteSwiftPackageReference "lottie-ios" */ = {
			isa = XCRemoteSwiftPackageReference;
			repositoryURL = "https://github.com/airbnb/lottie-ios.git";
			requirement = {
				kind = upToNextMajorVersion;
				minimumVersion = 4.0.0;
			};
		};
/* End XCRemoteSwiftPackageReference section */

/* Begin XCSwiftPackageProductDependency section */
		DA1774C12A6DCE6C0032EDBB /* Lottie */ = {
			isa = XCSwiftPackageProductDependency;
			package = DA1774C02A6DCE6C0032EDBB /* XCRemoteSwiftPackageReference "lottie-ios" */;
			productName = Lottie;
		};
/* End XCSwiftPackageProductDependency section */
	};
	rootObject = DA1D20AF2A5A0FC200B579A1 /* Project object */;
}
